# This file was autogenerated by Stack.
# You should not edit this file by hand.
# For more information, please see the documentation at:
#   https://docs.haskellstack.org/en/stable/lock_files

packages:
- completed:
    hackage: SDL-0.6.6.0@sha256:c36f5aec63bc61b33da7300ba07daffc768044f7b4a3be776c9bb1b579f850b6,1952
    pantry-tree:
      sha256: fe13507e4218b928c924e0e22935e094a514a9cbef945bd7a8bd3086d96d74bb
      size: 1942
  original:
    hackage: SDL-0.6.6.0
- completed:
    hackage: Chart-1.9.1@sha256:a5e052a4a74d7e85ab4661d0567401f1c55e8a94e93030d34cf6cf72c68df8ec,2949
    pantry-tree:
      sha256: 3d80c157e04a1ded3528dec7b81e1c310eaf21d84f5330950c7f7387daee6dc7
      size: 3031
  original:
    hackage: Chart-1.9.1
- completed:
    hackage: Chart-diagrams-1.9.2@sha256:a06895d6fd5abfdcdc6c2095891c3dbf82c49f7ead9cc5ad9d040e22836ea740,1802
    pantry-tree:
      sha256: aa0a6eb8f663551e02258b0cb7641fd7f51e42ea53ef006a14684e6227ae5c09
      size: 934
  original:
    hackage: Chart-diagrams-1.9.2
- completed:
    hackage: bench-show-0.2.2@sha256:ecc994d4f3ba79468bd56b281671996f94a8103e381d5e9ad371ca1a75405a37,5467
    pantry-tree:
      sha256: da882be478e2302130cddd04f5f7df746093e6ba75c5b10931b634e073447e4b
      size: 1703
  original:
    hackage: bench-show-0.2.2
- completed:
    hackage: inspection-testing-0.4.2.1@sha256:a0a20e0c82c58d4fe51e0d54144e08e9580e5ba1251b883facf05bc2b3d19cca,6958
    pantry-tree:
      sha256: 4b704a887ad75bcfc00843d8430ef4fd0d6269c8f31182eedfa0ad23970bea71
      size: 1137
  original:
    hackage: inspection-testing-0.4.2.1
- completed:
    hackage: fusion-plugin-types-0.1.0@sha256:0f11bbc445ab8ae3dbbb3d5d2ea198bdb1ac020518b7f4f7579035dc89182438,1506
    pantry-tree:
      sha256: c349aa6c4e10a57c65ae83eb1082948642b66a97bf0c0b73e57e4d88da89f3cd
      size: 378
  original:
    hackage: fusion-plugin-types-0.1.0
- completed:
    hackage: fusion-plugin-0.2.0@sha256:cd641cdd6b799a35b4f49cfeeaabe6d867155d176ab064883f7cb5eb5d9d0314,2038
    pantry-tree:
      sha256: 87a468c81ea1b0938eda42b65d596c620936b5865cb8eaf8c39ef988b72731d0
      size: 369
  original:
    hackage: fusion-plugin-0.2.0
snapshots:
- completed:
    sha256: 03cec7d96ed78877b03b5c2bc5e31015b47f69af2fe6a62d994a42b7a43c5805
    size: 648659
    url: https://raw.githubusercontent.com/commercialhaskell/stackage-snapshots/master/lts/20/3.yaml
  original: lts-20.3
