# This file was autogenerated by Stack.
# You should not edit this file by hand.
# For more information, please see the documentation at:
#   https://docs.haskellstack.org/en/stable/lock_files

packages:
- completed:
    hackage: lockfree-queue-0.2.4@sha256:156e7ccc193fc5d8b43f065e9cd31c3171c79ec25863283d546900d92930846d,2963
    pantry-tree:
      sha256: f2fc3dda931181cb21b2b9410275ed05ff0042d47db9b79edef864bc123f8046
      size: 534
  original:
    hackage: lockfree-queue-0.2.4
- completed:
    hackage: unicode-data-0.6.0@sha256:56ff6d53b348f13b49632aedde5e49ce159dcc5b697f90b9842ef471e09f4f46,5804
    pantry-tree:
      sha256: 8895d27b30948bece91a76c9245490704c1a65d70caa8856d3b57016807ced10
      size: 4067
  original:
    hackage: unicode-data-0.6.0
snapshots:
- completed:
    sha256: e176944bc843f740e05242fa7a66ca1f440c127e425254f7f1257f9b19add23f
    size: 712153
    url: https://raw.githubusercontent.com/commercialhaskell/stackage-snapshots/master/lts/22/0.yaml
  original: lts-22.0
